
Microsoft Visual Studio Solution File, Format Version 12.00
# Visual Studio 14
VisualStudioVersion = 14.0.25123.0
MinimumVisualStudioVersion = 10.0.40219.1
Project("{FAE04EC0-301F-11D3-BF4B-00C04F79EFBC}") = "TCell.Net", "Common\TCell.Net\TCell.Net.csproj", "{D4AC8543-312C-4FDA-84BC-093ABE33E3CB}"
EndProject
Project("{FAE04EC0-301F-11D3-BF4B-00C04F79EFBC}") = "TCell.Configuration", "Common\TCell.Configuration\TCell.Configuration.csproj", "{27E630E7-FB52-47A7-B902-7EB0E0B12795}"
EndProject
Project("{FAE04EC0-301F-11D3-BF4B-00C04F79EFBC}") = "TCell.Entities", "Common\TCell.Entities\TCell.Entities.csproj", "{BC4624AB-56E1-42F7-AD7A-7E9CAD8AD669}"
EndProject
Project("{FAE04EC0-301F-11D3-BF4B-00C04F79EFBC}") = "TCell.Mapping", "Common\TCell.Mapping\TCell.Mapping.csproj", "{C9BBAA09-5AA3-4271-A214-AA214E494D4F}"
EndProject
Project("{FAE04EC0-301F-11D3-BF4B-00C04F79EFBC}") = "TCell.Logging", "Common\TCell.Logging\TCell.Logging.csproj", "{4C99570A-B99A-4B2E-ADF8-4CDD11BC4D88}"
EndProject
Project("{FAE04EC0-301F-11D3-BF4B-00C04F79EFBC}") = "TCell.Abstraction", "Common\TCell.Abstraction\TCell.Abstraction.csproj", "{408281BA-340B-4175-BEC4-E51757C27A63}"
EndProject
Project("{2150E333-8FDC-42A3-9474-1A3956D46DE8}") = "Tests", "Tests", "{C22A6F2D-50A1-4969-8B1F-5010EFBD3DEA}"
EndProject
Project("{FAE04EC0-301F-11D3-BF4B-00C04F79EFBC}") = "TcpUdpServer", "Tests\TcpUdpServer\TcpUdpServer.csproj", "{C87C7820-9CB6-46E8-A872-C5F8A2424669}"
EndProject
Project("{FAE04EC0-301F-11D3-BF4B-00C04F79EFBC}") = "TCell.Text", "Common\TCell.Text\TCell.Text.csproj", "{A3DC3E73-E300-40AC-9D37-58CD7FEE8DC4}"
EndProject
Project("{FAE04EC0-301F-11D3-BF4B-00C04F79EFBC}") = "TcpUdpClient", "Tests\TcpUdpClient\TcpUdpClient.csproj", "{1A984CC4-41EF-48DC-AEC0-DA2B7F946907}"
EndProject
Project("{2150E333-8FDC-42A3-9474-1A3956D46DE8}") = "Apps", "Apps", "{09F798D3-8262-41DB-BA5B-3301F5BD2803}"
EndProject
Project("{FAE04EC0-301F-11D3-BF4B-00C04F79EFBC}") = "TCell.UniversalMediaPlayer", "Applications\TCell.UniversalMediaPlayer\TCell.UniversalMediaPlayer.csproj", "{9C5321FD-D442-43FE-984B-C431EC6154FD}"
EndProject
Project("{FAE04EC0-301F-11D3-BF4B-00C04F79EFBC}") = "TCell.MediaPlayerPlugins.ImagePlayer", "Applications\TCell.MediaPlayerPlugins.ImagePlayer\TCell.MediaPlayerPlugins.ImagePlayer.csproj", "{E9F0D7A5-7751-42C2-B6EE-4349D1CD644E}"
EndProject
Project("{FAE04EC0-301F-11D3-BF4B-00C04F79EFBC}") = "TCell.MediaPlayerPlugins.VideoPlayer", "Applications\TCell.MediaPlayerPlugins.VideoPlayer\TCell.MediaPlayerPlugins.VideoPlayer.csproj", "{29A81718-BDBD-40A7-A5F2-C958F4A6A1BF}"
EndProject
Project("{FAE04EC0-301F-11D3-BF4B-00C04F79EFBC}") = "TCell.IO", "Common\TCell.IO\TCell.IO.csproj", "{9963E537-6C3F-4FB2-8FEE-1CCB36120E2C}"
EndProject
Project("{FAE04EC0-301F-11D3-BF4B-00C04F79EFBC}") = "TCell.MediaPlayerPlugins.TcpCommand", "Applications\TCell.MediaPlayerPlugins.TcpCommand\TCell.MediaPlayerPlugins.TcpCommand.csproj", "{3D9FB576-12AF-423E-BEE6-97AA709BA3E0}"
EndProject
Project("{FAE04EC0-301F-11D3-BF4B-00C04F79EFBC}") = "TCell.MediaPlayerPlugins.UdpCommand", "Applications\TCell.MediaPlayerPlugins.UdpCommand\TCell.MediaPlayerPlugins.UdpCommand.csproj", "{16A251CF-16C9-48DA-8C3D-95C78D19242B}"
EndProject
Project("{FAE04EC0-301F-11D3-BF4B-00C04F79EFBC}") = "FileCategorizer", "Tests\FileCategorizer\FileCategorizer.csproj", "{33DD6AC5-FCD6-47AA-8C8C-D494BCDFFD68}"
EndProject
Project("{FAE04EC0-301F-11D3-BF4B-00C04F79EFBC}") = "TCell.UniversalMediaPlayer.ShellCommand", "Applications\TCell.UniversalMediaPlayer.ShellCommand\TCell.UniversalMediaPlayer.ShellCommand.csproj", "{6AE818D0-AA56-417A-857B-756F4CC34582}"
EndProject
Project("{FAE04EC0-301F-11D3-BF4B-00C04F79EFBC}") = "SystemInfo", "Tests\SystemInfo\SystemInfo.csproj", "{E00CA6D6-6AEE-4AD0-86A3-CB7FE62F41F4}"
EndProject
Project("{FAE04EC0-301F-11D3-BF4B-00C04F79EFBC}") = "Mexxum.MediaPlayerPlugins.ModbusCommand", "..\Mexxum\Common\Mexxum.MediaPlayerPlugins.ModbusCommand\Mexxum.MediaPlayerPlugins.ModbusCommand.csproj", "{2C7D860B-F5DA-4800-A1B1-6C554142418C}"
EndProject
Project("{FAE04EC0-301F-11D3-BF4B-00C04F79EFBC}") = "TCell.UniversalWindowsService", "Applications\TCell.UniversalWindowsService\TCell.UniversalWindowsService.csproj", "{607A06B5-7EC4-4FE4-8976-5CF710B00812}"
EndProject
Project("{FAE04EC0-301F-11D3-BF4B-00C04F79EFBC}") = "TCell.UniversalWindowsService.ShellCommand", "Applications\TCell.UniversalWindowsService.ShellCommand\TCell.UniversalWindowsService.ShellCommand.csproj", "{F8B10635-BF02-4C73-A5BE-AEF73D20FB21}"
EndProject
Project("{FAE04EC0-301F-11D3-BF4B-00C04F79EFBC}") = "TCell.WindowsServicePlugins.TcpCommand", "Applications\TCell.WindowsServicePlugins.TcpCommand\TCell.WindowsServicePlugins.TcpCommand.csproj", "{2369A4AD-44B6-42B9-9F16-00B2FB743EF3}"
EndProject
Project("{FAE04EC0-301F-11D3-BF4B-00C04F79EFBC}") = "TCell.WindowsServicePlugins.UdpCommand", "Applications\TCell.WindowsServicePlugins.UdpCommand\TCell.WindowsServicePlugins.UdpCommand.csproj", "{5577479B-CED7-42FF-A7E4-96F0571F6927}"
EndProject
Project("{FAE04EC0-301F-11D3-BF4B-00C04F79EFBC}") = "UniversalServiceTestWindow", "Tests\UniversalServiceTestWindow\UniversalServiceTestWindow.csproj", "{7FB821FB-E8BE-43BE-A0F7-1866F914E6EE}"
EndProject
Project("{FAE04EC0-301F-11D3-BF4B-00C04F79EFBC}") = "TCell.WindowsServicePlugins.ShutdownActor", "Applications\TCell.WindowsServicePlugins.ShutdownActor\TCell.WindowsServicePlugins.ShutdownActor.csproj", "{A4D5E7E1-ECA4-41C0-BC81-17A52F1E7E38}"
EndProject
Project("{FAE04EC0-301F-11D3-BF4B-00C04F79EFBC}") = "TCell.WindowsServicePlugins.PowerOffActor", "Applications\TCell.WindowsServicePlugins.PowerOffActor\TCell.WindowsServicePlugins.PowerOffActor.csproj", "{AF592F2B-7060-4082-877E-6FC23081E39C}"
EndProject
Global
	GlobalSection(SubversionScc) = preSolution
		Svn-Managed = True
		Manager = AnkhSVN - Subversion Support for Visual Studio
	EndGlobalSection
	GlobalSection(SolutionConfigurationPlatforms) = preSolution
		Debug|Any CPU = Debug|Any CPU
		Release|Any CPU = Release|Any CPU
	EndGlobalSection
	GlobalSection(ProjectConfigurationPlatforms) = postSolution
		{D4AC8543-312C-4FDA-84BC-093ABE33E3CB}.Debug|Any CPU.ActiveCfg = Debug|Any CPU
		{D4AC8543-312C-4FDA-84BC-093ABE33E3CB}.Debug|Any CPU.Build.0 = Debug|Any CPU
		{D4AC8543-312C-4FDA-84BC-093ABE33E3CB}.Release|Any CPU.ActiveCfg = Release|Any CPU
		{D4AC8543-312C-4FDA-84BC-093ABE33E3CB}.Release|Any CPU.Build.0 = Release|Any CPU
		{27E630E7-FB52-47A7-B902-7EB0E0B12795}.Debug|Any CPU.ActiveCfg = Debug|Any CPU
		{27E630E7-FB52-47A7-B902-7EB0E0B12795}.Debug|Any CPU.Build.0 = Debug|Any CPU
		{27E630E7-FB52-47A7-B902-7EB0E0B12795}.Release|Any CPU.ActiveCfg = Release|Any CPU
		{27E630E7-FB52-47A7-B902-7EB0E0B12795}.Release|Any CPU.Build.0 = Release|Any CPU
		{BC4624AB-56E1-42F7-AD7A-7E9CAD8AD669}.Debug|Any CPU.ActiveCfg = Debug|Any CPU
		{BC4624AB-56E1-42F7-AD7A-7E9CAD8AD669}.Debug|Any CPU.Build.0 = Debug|Any CPU
		{BC4624AB-56E1-42F7-AD7A-7E9CAD8AD669}.Release|Any CPU.ActiveCfg = Release|Any CPU
		{BC4624AB-56E1-42F7-AD7A-7E9CAD8AD669}.Release|Any CPU.Build.0 = Release|Any CPU
		{C9BBAA09-5AA3-4271-A214-AA214E494D4F}.Debug|Any CPU.ActiveCfg = Debug|Any CPU
		{C9BBAA09-5AA3-4271-A214-AA214E494D4F}.Debug|Any CPU.Build.0 = Debug|Any CPU
		{C9BBAA09-5AA3-4271-A214-AA214E494D4F}.Release|Any CPU.ActiveCfg = Release|Any CPU
		{C9BBAA09-5AA3-4271-A214-AA214E494D4F}.Release|Any CPU.Build.0 = Release|Any CPU
		{4C99570A-B99A-4B2E-ADF8-4CDD11BC4D88}.Debug|Any CPU.ActiveCfg = Debug|Any CPU
		{4C99570A-B99A-4B2E-ADF8-4CDD11BC4D88}.Debug|Any CPU.Build.0 = Debug|Any CPU
		{4C99570A-B99A-4B2E-ADF8-4CDD11BC4D88}.Release|Any CPU.ActiveCfg = Release|Any CPU
		{4C99570A-B99A-4B2E-ADF8-4CDD11BC4D88}.Release|Any CPU.Build.0 = Release|Any CPU
		{408281BA-340B-4175-BEC4-E51757C27A63}.Debug|Any CPU.ActiveCfg = Debug|Any CPU
		{408281BA-340B-4175-BEC4-E51757C27A63}.Debug|Any CPU.Build.0 = Debug|Any CPU
		{408281BA-340B-4175-BEC4-E51757C27A63}.Release|Any CPU.ActiveCfg = Release|Any CPU
		{408281BA-340B-4175-BEC4-E51757C27A63}.Release|Any CPU.Build.0 = Release|Any CPU
		{C87C7820-9CB6-46E8-A872-C5F8A2424669}.Debug|Any CPU.ActiveCfg = Debug|Any CPU
		{C87C7820-9CB6-46E8-A872-C5F8A2424669}.Debug|Any CPU.Build.0 = Debug|Any CPU
		{C87C7820-9CB6-46E8-A872-C5F8A2424669}.Release|Any CPU.ActiveCfg = Release|Any CPU
		{C87C7820-9CB6-46E8-A872-C5F8A2424669}.Release|Any CPU.Build.0 = Release|Any CPU
		{A3DC3E73-E300-40AC-9D37-58CD7FEE8DC4}.Debug|Any CPU.ActiveCfg = Debug|Any CPU
		{A3DC3E73-E300-40AC-9D37-58CD7FEE8DC4}.Debug|Any CPU.Build.0 = Debug|Any CPU
		{A3DC3E73-E300-40AC-9D37-58CD7FEE8DC4}.Release|Any CPU.ActiveCfg = Release|Any CPU
		{A3DC3E73-E300-40AC-9D37-58CD7FEE8DC4}.Release|Any CPU.Build.0 = Release|Any CPU
		{1A984CC4-41EF-48DC-AEC0-DA2B7F946907}.Debug|Any CPU.ActiveCfg = Debug|Any CPU
		{1A984CC4-41EF-48DC-AEC0-DA2B7F946907}.Debug|Any CPU.Build.0 = Debug|Any CPU
		{1A984CC4-41EF-48DC-AEC0-DA2B7F946907}.Release|Any CPU.ActiveCfg = Release|Any CPU
		{1A984CC4-41EF-48DC-AEC0-DA2B7F946907}.Release|Any CPU.Build.0 = Release|Any CPU
		{9C5321FD-D442-43FE-984B-C431EC6154FD}.Debug|Any CPU.ActiveCfg = Debug|Any CPU
		{9C5321FD-D442-43FE-984B-C431EC6154FD}.Debug|Any CPU.Build.0 = Debug|Any CPU
		{9C5321FD-D442-43FE-984B-C431EC6154FD}.Release|Any CPU.ActiveCfg = Release|Any CPU
		{9C5321FD-D442-43FE-984B-C431EC6154FD}.Release|Any CPU.Build.0 = Release|Any CPU
		{E9F0D7A5-7751-42C2-B6EE-4349D1CD644E}.Debug|Any CPU.ActiveCfg = Debug|Any CPU
		{E9F0D7A5-7751-42C2-B6EE-4349D1CD644E}.Debug|Any CPU.Build.0 = Debug|Any CPU
		{E9F0D7A5-7751-42C2-B6EE-4349D1CD644E}.Release|Any CPU.ActiveCfg = Release|Any CPU
		{E9F0D7A5-7751-42C2-B6EE-4349D1CD644E}.Release|Any CPU.Build.0 = Release|Any CPU
		{29A81718-BDBD-40A7-A5F2-C958F4A6A1BF}.Debug|Any CPU.ActiveCfg = Debug|Any CPU
		{29A81718-BDBD-40A7-A5F2-C958F4A6A1BF}.Debug|Any CPU.Build.0 = Debug|Any CPU
		{29A81718-BDBD-40A7-A5F2-C958F4A6A1BF}.Release|Any CPU.ActiveCfg = Release|Any CPU
		{29A81718-BDBD-40A7-A5F2-C958F4A6A1BF}.Release|Any CPU.Build.0 = Release|Any CPU
		{9963E537-6C3F-4FB2-8FEE-1CCB36120E2C}.Debug|Any CPU.ActiveCfg = Debug|Any CPU
		{9963E537-6C3F-4FB2-8FEE-1CCB36120E2C}.Debug|Any CPU.Build.0 = Debug|Any CPU
		{9963E537-6C3F-4FB2-8FEE-1CCB36120E2C}.Release|Any CPU.ActiveCfg = Release|Any CPU
		{9963E537-6C3F-4FB2-8FEE-1CCB36120E2C}.Release|Any CPU.Build.0 = Release|Any CPU
		{3D9FB576-12AF-423E-BEE6-97AA709BA3E0}.Debug|Any CPU.ActiveCfg = Debug|Any CPU
		{3D9FB576-12AF-423E-BEE6-97AA709BA3E0}.Debug|Any CPU.Build.0 = Debug|Any CPU
		{3D9FB576-12AF-423E-BEE6-97AA709BA3E0}.Release|Any CPU.ActiveCfg = Release|Any CPU
		{3D9FB576-12AF-423E-BEE6-97AA709BA3E0}.Release|Any CPU.Build.0 = Release|Any CPU
		{16A251CF-16C9-48DA-8C3D-95C78D19242B}.Debug|Any CPU.ActiveCfg = Debug|Any CPU
		{16A251CF-16C9-48DA-8C3D-95C78D19242B}.Debug|Any CPU.Build.0 = Debug|Any CPU
		{16A251CF-16C9-48DA-8C3D-95C78D19242B}.Release|Any CPU.ActiveCfg = Release|Any CPU
		{16A251CF-16C9-48DA-8C3D-95C78D19242B}.Release|Any CPU.Build.0 = Release|Any CPU
		{33DD6AC5-FCD6-47AA-8C8C-D494BCDFFD68}.Debug|Any CPU.ActiveCfg = Debug|Any CPU
		{33DD6AC5-FCD6-47AA-8C8C-D494BCDFFD68}.Debug|Any CPU.Build.0 = Debug|Any CPU
		{33DD6AC5-FCD6-47AA-8C8C-D494BCDFFD68}.Release|Any CPU.ActiveCfg = Release|Any CPU
		{33DD6AC5-FCD6-47AA-8C8C-D494BCDFFD68}.Release|Any CPU.Build.0 = Release|Any CPU
		{6AE818D0-AA56-417A-857B-756F4CC34582}.Debug|Any CPU.ActiveCfg = Debug|Any CPU
		{6AE818D0-AA56-417A-857B-756F4CC34582}.Debug|Any CPU.Build.0 = Debug|Any CPU
		{6AE818D0-AA56-417A-857B-756F4CC34582}.Release|Any CPU.ActiveCfg = Release|Any CPU
		{6AE818D0-AA56-417A-857B-756F4CC34582}.Release|Any CPU.Build.0 = Release|Any CPU
		{E00CA6D6-6AEE-4AD0-86A3-CB7FE62F41F4}.Debug|Any CPU.ActiveCfg = Debug|Any CPU
		{E00CA6D6-6AEE-4AD0-86A3-CB7FE62F41F4}.Debug|Any CPU.Build.0 = Debug|Any CPU
		{E00CA6D6-6AEE-4AD0-86A3-CB7FE62F41F4}.Release|Any CPU.ActiveCfg = Release|Any CPU
		{E00CA6D6-6AEE-4AD0-86A3-CB7FE62F41F4}.Release|Any CPU.Build.0 = Release|Any CPU
		{2C7D860B-F5DA-4800-A1B1-6C554142418C}.Debug|Any CPU.ActiveCfg = Debug|Any CPU
		{2C7D860B-F5DA-4800-A1B1-6C554142418C}.Debug|Any CPU.Build.0 = Debug|Any CPU
		{2C7D860B-F5DA-4800-A1B1-6C554142418C}.Release|Any CPU.ActiveCfg = Release|Any CPU
		{2C7D860B-F5DA-4800-A1B1-6C554142418C}.Release|Any CPU.Build.0 = Release|Any CPU
		{607A06B5-7EC4-4FE4-8976-5CF710B00812}.Debug|Any CPU.ActiveCfg = Debug|Any CPU
		{607A06B5-7EC4-4FE4-8976-5CF710B00812}.Debug|Any CPU.Build.0 = Debug|Any CPU
		{607A06B5-7EC4-4FE4-8976-5CF710B00812}.Release|Any CPU.ActiveCfg = Release|Any CPU
		{607A06B5-7EC4-4FE4-8976-5CF710B00812}.Release|Any CPU.Build.0 = Release|Any CPU
		{F8B10635-BF02-4C73-A5BE-AEF73D20FB21}.Debug|Any CPU.ActiveCfg = Debug|Any CPU
		{F8B10635-BF02-4C73-A5BE-AEF73D20FB21}.Debug|Any CPU.Build.0 = Debug|Any CPU
		{F8B10635-BF02-4C73-A5BE-AEF73D20FB21}.Release|Any CPU.ActiveCfg = Release|Any CPU
		{F8B10635-BF02-4C73-A5BE-AEF73D20FB21}.Release|Any CPU.Build.0 = Release|Any CPU
		{2369A4AD-44B6-42B9-9F16-00B2FB743EF3}.Debug|Any CPU.ActiveCfg = Debug|Any CPU
		{2369A4AD-44B6-42B9-9F16-00B2FB743EF3}.Debug|Any CPU.Build.0 = Debug|Any CPU
		{2369A4AD-44B6-42B9-9F16-00B2FB743EF3}.Release|Any CPU.ActiveCfg = Release|Any CPU
		{2369A4AD-44B6-42B9-9F16-00B2FB743EF3}.Release|Any CPU.Build.0 = Release|Any CPU
		{5577479B-CED7-42FF-A7E4-96F0571F6927}.Debug|Any CPU.ActiveCfg = Debug|Any CPU
		{5577479B-CED7-42FF-A7E4-96F0571F6927}.Debug|Any CPU.Build.0 = Debug|Any CPU
		{5577479B-CED7-42FF-A7E4-96F0571F6927}.Release|Any CPU.ActiveCfg = Release|Any CPU
		{5577479B-CED7-42FF-A7E4-96F0571F6927}.Release|Any CPU.Build.0 = Release|Any CPU
		{7FB821FB-E8BE-43BE-A0F7-1866F914E6EE}.Debug|Any CPU.ActiveCfg = Debug|Any CPU
		{7FB821FB-E8BE-43BE-A0F7-1866F914E6EE}.Debug|Any CPU.Build.0 = Debug|Any CPU
		{7FB821FB-E8BE-43BE-A0F7-1866F914E6EE}.Release|Any CPU.ActiveCfg = Release|Any CPU
		{7FB821FB-E8BE-43BE-A0F7-1866F914E6EE}.Release|Any CPU.Build.0 = Release|Any CPU
		{A4D5E7E1-ECA4-41C0-BC81-17A52F1E7E38}.Debug|Any CPU.ActiveCfg = Debug|Any CPU
		{A4D5E7E1-ECA4-41C0-BC81-17A52F1E7E38}.Debug|Any CPU.Build.0 = Debug|Any CPU
		{A4D5E7E1-ECA4-41C0-BC81-17A52F1E7E38}.Release|Any CPU.ActiveCfg = Release|Any CPU
		{A4D5E7E1-ECA4-41C0-BC81-17A52F1E7E38}.Release|Any CPU.Build.0 = Release|Any CPU
		{AF592F2B-7060-4082-877E-6FC23081E39C}.Debug|Any CPU.ActiveCfg = Debug|Any CPU
		{AF592F2B-7060-4082-877E-6FC23081E39C}.Debug|Any CPU.Build.0 = Debug|Any CPU
		{AF592F2B-7060-4082-877E-6FC23081E39C}.Release|Any CPU.ActiveCfg = Release|Any CPU
		{AF592F2B-7060-4082-877E-6FC23081E39C}.Release|Any CPU.Build.0 = Release|Any CPU
	EndGlobalSection
	GlobalSection(SolutionProperties) = preSolution
		HideSolutionNode = FALSE
	EndGlobalSection
	GlobalSection(NestedProjects) = preSolution
		{C87C7820-9CB6-46E8-A872-C5F8A2424669} = {C22A6F2D-50A1-4969-8B1F-5010EFBD3DEA}
		{1A984CC4-41EF-48DC-AEC0-DA2B7F946907} = {C22A6F2D-50A1-4969-8B1F-5010EFBD3DEA}
		{9C5321FD-D442-43FE-984B-C431EC6154FD} = {09F798D3-8262-41DB-BA5B-3301F5BD2803}
		{E9F0D7A5-7751-42C2-B6EE-4349D1CD644E} = {09F798D3-8262-41DB-BA5B-3301F5BD2803}
		{29A81718-BDBD-40A7-A5F2-C958F4A6A1BF} = {09F798D3-8262-41DB-BA5B-3301F5BD2803}
		{3D9FB576-12AF-423E-BEE6-97AA709BA3E0} = {09F798D3-8262-41DB-BA5B-3301F5BD2803}
		{16A251CF-16C9-48DA-8C3D-95C78D19242B} = {09F798D3-8262-41DB-BA5B-3301F5BD2803}
		{33DD6AC5-FCD6-47AA-8C8C-D494BCDFFD68} = {C22A6F2D-50A1-4969-8B1F-5010EFBD3DEA}
		{6AE818D0-AA56-417A-857B-756F4CC34582} = {09F798D3-8262-41DB-BA5B-3301F5BD2803}
		{E00CA6D6-6AEE-4AD0-86A3-CB7FE62F41F4} = {C22A6F2D-50A1-4969-8B1F-5010EFBD3DEA}
		{2C7D860B-F5DA-4800-A1B1-6C554142418C} = {09F798D3-8262-41DB-BA5B-3301F5BD2803}
		{607A06B5-7EC4-4FE4-8976-5CF710B00812} = {09F798D3-8262-41DB-BA5B-3301F5BD2803}
		{F8B10635-BF02-4C73-A5BE-AEF73D20FB21} = {09F798D3-8262-41DB-BA5B-3301F5BD2803}
		{2369A4AD-44B6-42B9-9F16-00B2FB743EF3} = {09F798D3-8262-41DB-BA5B-3301F5BD2803}
		{5577479B-CED7-42FF-A7E4-96F0571F6927} = {09F798D3-8262-41DB-BA5B-3301F5BD2803}
		{7FB821FB-E8BE-43BE-A0F7-1866F914E6EE} = {C22A6F2D-50A1-4969-8B1F-5010EFBD3DEA}
		{A4D5E7E1-ECA4-41C0-BC81-17A52F1E7E38} = {09F798D3-8262-41DB-BA5B-3301F5BD2803}
		{AF592F2B-7060-4082-877E-6FC23081E39C} = {09F798D3-8262-41DB-BA5B-3301F5BD2803}
	EndGlobalSection
EndGlobal
