
Microsoft Visual Studio Solution File, Format Version 12.00
# Visual Studio 14
VisualStudioVersion = 14.0.25123.0
MinimumVisualStudioVersion = 10.0.40219.1
Project("{FAE04EC0-301F-11D3-BF4B-00C04F79EFBC}") = "TCell.Net", "Common\TCell.Net\TCell.Net.csproj", "{D4AC8543-312C-4FDA-84BC-093ABE33E3CB}"
EndProject
Project("{FAE04EC0-301F-11D3-BF4B-00C04F79EFBC}") = "TCell.Configuration", "Common\TCell.Configuration\TCell.Configuration.csproj", "{27E630E7-FB52-47A7-B902-7EB0E0B12795}"
EndProject
Project("{FAE04EC0-301F-11D3-BF4B-00C04F79EFBC}") = "TCell.Entities", "Common\TCell.Entities\TCell.Entities.csproj", "{BC4624AB-56E1-42F7-AD7A-7E9CAD8AD669}"
EndProject
Project("{FAE04EC0-301F-11D3-BF4B-00C04F79EFBC}") = "TCell.Mapping", "Common\TCell.Mapping\TCell.Mapping.csproj", "{C9BBAA09-5AA3-4271-A214-AA214E494D4F}"
EndProject
Project("{FAE04EC0-301F-11D3-BF4B-00C04F79EFBC}") = "TCell.Logging", "Common\TCell.Logging\TCell.Logging.csproj", "{4C99570A-B99A-4B2E-ADF8-4CDD11BC4D88}"
EndProject
Project("{FAE04EC0-301F-11D3-BF4B-00C04F79EFBC}") = "TCell.Abstraction", "Common\TCell.Abstraction\TCell.Abstraction.csproj", "{408281BA-340B-4175-BEC4-E51757C27A63}"
EndProject
Project("{2150E333-8FDC-42A3-9474-1A3956D46DE8}") = "Tests", "Tests", "{C22A6F2D-50A1-4969-8B1F-5010EFBD3DEA}"
EndProject
Project("{FAE04EC0-301F-11D3-BF4B-00C04F79EFBC}") = "TcpUdpServer", "Tests\TcpUdpServer\TcpUdpServer.csproj", "{C87C7820-9CB6-46E8-A872-C5F8A2424669}"
EndProject
Project("{FAE04EC0-301F-11D3-BF4B-00C04F79EFBC}") = "TCell.Text", "Common\TCell.Text\TCell.Text.csproj", "{A3DC3E73-E300-40AC-9D37-58CD7FEE8DC4}"
EndProject
Global
	GlobalSection(SubversionScc) = preSolution
		Svn-Managed = True
		Manager = AnkhSVN - Subversion Support for Visual Studio
	EndGlobalSection
	GlobalSection(SolutionConfigurationPlatforms) = preSolution
		Debug|Any CPU = Debug|Any CPU
		Release|Any CPU = Release|Any CPU
	EndGlobalSection
	GlobalSection(ProjectConfigurationPlatforms) = postSolution
		{D4AC8543-312C-4FDA-84BC-093ABE33E3CB}.Debug|Any CPU.ActiveCfg = Debug|Any CPU
		{D4AC8543-312C-4FDA-84BC-093ABE33E3CB}.Debug|Any CPU.Build.0 = Debug|Any CPU
		{D4AC8543-312C-4FDA-84BC-093ABE33E3CB}.Release|Any CPU.ActiveCfg = Release|Any CPU
		{D4AC8543-312C-4FDA-84BC-093ABE33E3CB}.Release|Any CPU.Build.0 = Release|Any CPU
		{27E630E7-FB52-47A7-B902-7EB0E0B12795}.Debug|Any CPU.ActiveCfg = Debug|Any CPU
		{27E630E7-FB52-47A7-B902-7EB0E0B12795}.Debug|Any CPU.Build.0 = Debug|Any CPU
		{27E630E7-FB52-47A7-B902-7EB0E0B12795}.Release|Any CPU.ActiveCfg = Release|Any CPU
		{27E630E7-FB52-47A7-B902-7EB0E0B12795}.Release|Any CPU.Build.0 = Release|Any CPU
		{BC4624AB-56E1-42F7-AD7A-7E9CAD8AD669}.Debug|Any CPU.ActiveCfg = Debug|Any CPU
		{BC4624AB-56E1-42F7-AD7A-7E9CAD8AD669}.Debug|Any CPU.Build.0 = Debug|Any CPU
		{BC4624AB-56E1-42F7-AD7A-7E9CAD8AD669}.Release|Any CPU.ActiveCfg = Release|Any CPU
		{BC4624AB-56E1-42F7-AD7A-7E9CAD8AD669}.Release|Any CPU.Build.0 = Release|Any CPU
		{C9BBAA09-5AA3-4271-A214-AA214E494D4F}.Debug|Any CPU.ActiveCfg = Debug|Any CPU
		{C9BBAA09-5AA3-4271-A214-AA214E494D4F}.Debug|Any CPU.Build.0 = Debug|Any CPU
		{C9BBAA09-5AA3-4271-A214-AA214E494D4F}.Release|Any CPU.ActiveCfg = Release|Any CPU
		{C9BBAA09-5AA3-4271-A214-AA214E494D4F}.Release|Any CPU.Build.0 = Release|Any CPU
		{4C99570A-B99A-4B2E-ADF8-4CDD11BC4D88}.Debug|Any CPU.ActiveCfg = Debug|Any CPU
		{4C99570A-B99A-4B2E-ADF8-4CDD11BC4D88}.Debug|Any CPU.Build.0 = Debug|Any CPU
		{4C99570A-B99A-4B2E-ADF8-4CDD11BC4D88}.Release|Any CPU.ActiveCfg = Release|Any CPU
		{4C99570A-B99A-4B2E-ADF8-4CDD11BC4D88}.Release|Any CPU.Build.0 = Release|Any CPU
		{408281BA-340B-4175-BEC4-E51757C27A63}.Debug|Any CPU.ActiveCfg = Debug|Any CPU
		{408281BA-340B-4175-BEC4-E51757C27A63}.Debug|Any CPU.Build.0 = Debug|Any CPU
		{408281BA-340B-4175-BEC4-E51757C27A63}.Release|Any CPU.ActiveCfg = Release|Any CPU
		{408281BA-340B-4175-BEC4-E51757C27A63}.Release|Any CPU.Build.0 = Release|Any CPU
		{C87C7820-9CB6-46E8-A872-C5F8A2424669}.Debug|Any CPU.ActiveCfg = Debug|Any CPU
		{C87C7820-9CB6-46E8-A872-C5F8A2424669}.Debug|Any CPU.Build.0 = Debug|Any CPU
		{C87C7820-9CB6-46E8-A872-C5F8A2424669}.Release|Any CPU.ActiveCfg = Release|Any CPU
		{C87C7820-9CB6-46E8-A872-C5F8A2424669}.Release|Any CPU.Build.0 = Release|Any CPU
		{A3DC3E73-E300-40AC-9D37-58CD7FEE8DC4}.Debug|Any CPU.ActiveCfg = Debug|Any CPU
		{A3DC3E73-E300-40AC-9D37-58CD7FEE8DC4}.Debug|Any CPU.Build.0 = Debug|Any CPU
		{A3DC3E73-E300-40AC-9D37-58CD7FEE8DC4}.Release|Any CPU.ActiveCfg = Release|Any CPU
		{A3DC3E73-E300-40AC-9D37-58CD7FEE8DC4}.Release|Any CPU.Build.0 = Release|Any CPU
	EndGlobalSection
	GlobalSection(SolutionProperties) = preSolution
		HideSolutionNode = FALSE
	EndGlobalSection
	GlobalSection(NestedProjects) = preSolution
		{C87C7820-9CB6-46E8-A872-C5F8A2424669} = {C22A6F2D-50A1-4969-8B1F-5010EFBD3DEA}
	EndGlobalSection
EndGlobal
